
Microsoft Visual Studio Solution File, Format Version 12.00
# Visual Studio Version 17
VisualStudioVersion = 17.13.35825.156 d17.13
MinimumVisualStudioVersion = 10.0.40219.1
Project("{FAE04EC0-301F-11D3-BF4B-00C04F79EFBC}") = "GrowthTracking.ShareLibrary", "..\GrowthTracking.ShareLibrarySolution\GrowthTracking.ShareLibrary\GrowthTracking.ShareLibrary.csproj", "{B54111D9-1832-D929-8A51-F60045D03898}"
EndProject
Project("{FAE04EC0-301F-11D3-BF4B-00C04F79EFBC}") = "GrowthTracking.DoctorSolution.Domain", "GrowthTracking.DoctorSolution.Domain\GrowthTracking.DoctorSolution.Domain.csproj", "{ED992DB4-48D7-4DD7-AFD7-6946AAC026A6}"
EndProject
Project("{FAE04EC0-301F-11D3-BF4B-00C04F79EFBC}") = "GrowthTracking.DoctorSolution.Application", "GrowthTracking.DoctorSolution.Application\GrowthTracking.DoctorSolution.Application.csproj", "{A7541FC6-800F-46D0-B97B-C24565170C5F}"
EndProject
Project("{FAE04EC0-301F-11D3-BF4B-00C04F79EFBC}") = "GrowthTracking.DoctorSolution.Infrastructure", "GrowthTracking.DoctorSolution.Infrastructure\GrowthTracking.DoctorSolution.Infrastructure.csproj", "{76A2AE57-4E83-4D70-9ABC-70E519A43571}"
EndProject
Project("{FAE04EC0-301F-11D3-BF4B-00C04F79EFBC}") = "GrowthTracking.DoctorSolution.Presentation", "GrowthTracking.DoctorSolution.Presentation\GrowthTracking.DoctorSolution.Presentation.csproj", "{C5772F2B-C6C2-4FB5-985C-1105A63B1D70}"
EndProject
Global
	GlobalSection(SolutionConfigurationPlatforms) = preSolution
		Debug|Any CPU = Debug|Any CPU
		Release|Any CPU = Release|Any CPU
	EndGlobalSection
	GlobalSection(ProjectConfigurationPlatforms) = postSolution
		{B54111D9-1832-D929-8A51-F60045D03898}.Debug|Any CPU.ActiveCfg = Debug|Any CPU
		{B54111D9-1832-D929-8A51-F60045D03898}.Debug|Any CPU.Build.0 = Debug|Any CPU
		{B54111D9-1832-D929-8A51-F60045D03898}.Release|Any CPU.ActiveCfg = Release|Any CPU
		{B54111D9-1832-D929-8A51-F60045D03898}.Release|Any CPU.Build.0 = Release|Any CPU
		{ED992DB4-48D7-4DD7-AFD7-6946AAC026A6}.Debug|Any CPU.ActiveCfg = Debug|Any CPU
		{ED992DB4-48D7-4DD7-AFD7-6946AAC026A6}.Debug|Any CPU.Build.0 = Debug|Any CPU
		{ED992DB4-48D7-4DD7-AFD7-6946AAC026A6}.Release|Any CPU.ActiveCfg = Release|Any CPU
		{ED992DB4-48D7-4DD7-AFD7-6946AAC026A6}.Release|Any CPU.Build.0 = Release|Any CPU
		{A7541FC6-800F-46D0-B97B-C24565170C5F}.Debug|Any CPU.ActiveCfg = Debug|Any CPU
		{A7541FC6-800F-46D0-B97B-C24565170C5F}.Debug|Any CPU.Build.0 = Debug|Any CPU
		{A7541FC6-800F-46D0-B97B-C24565170C5F}.Release|Any CPU.ActiveCfg = Release|Any CPU
		{A7541FC6-800F-46D0-B97B-C24565170C5F}.Release|Any CPU.Build.0 = Release|Any CPU
		{76A2AE57-4E83-4D70-9ABC-70E519A43571}.Debug|Any CPU.ActiveCfg = Debug|Any CPU
		{76A2AE57-4E83-4D70-9ABC-70E519A43571}.Debug|Any CPU.Build.0 = Debug|Any CPU
		{76A2AE57-4E83-4D70-9ABC-70E519A43571}.Release|Any CPU.ActiveCfg = Release|Any CPU
		{76A2AE57-4E83-4D70-9ABC-70E519A43571}.Release|Any CPU.Build.0 = Release|Any CPU
		{C5772F2B-C6C2-4FB5-985C-1105A63B1D70}.Debug|Any CPU.ActiveCfg = Debug|Any CPU
		{C5772F2B-C6C2-4FB5-985C-1105A63B1D70}.Debug|Any CPU.Build.0 = Debug|Any CPU
		{C5772F2B-C6C2-4FB5-985C-1105A63B1D70}.Release|Any CPU.ActiveCfg = Release|Any CPU
		{C5772F2B-C6C2-4FB5-985C-1105A63B1D70}.Release|Any CPU.Build.0 = Release|Any CPU
	EndGlobalSection
	GlobalSection(SolutionProperties) = preSolution
		HideSolutionNode = FALSE
	EndGlobalSection
	GlobalSection(ExtensibilityGlobals) = postSolution
		SolutionGuid = {48F483F4-0E63-41DE-A381-7EF1B35C1985}
	EndGlobalSection
EndGlobal
