
Microsoft Visual Studio Solution File, Format Version 12.00
# Visual Studio Version 17
VisualStudioVersion = 17.13.35825.156
MinimumVisualStudioVersion = 10.0.40219.1
Project("{FAE04EC0-301F-11D3-BF4B-00C04F79EFBC}") = "PaymentSolution.Domain", "PaymentSolution.Domain\PaymentSolution.Domain.csproj", "{F40214A4-7F3D-4CD0-B44E-5A09FD620DA8}"
EndProject
Project("{FAE04EC0-301F-11D3-BF4B-00C04F79EFBC}") = "PaymentSolution.Infrastructure", "PaymentSolution.Infrastructure\PaymentSolution.Infrastructure.csproj", "{B3E03B91-F390-4556-B896-0C8D304AA7EB}"
EndProject
Project("{FAE04EC0-301F-11D3-BF4B-00C04F79EFBC}") = "PaymentSolution.Application", "PaymentSolution.Application\PaymentSolution.Application.csproj", "{99AC146C-C6CC-4E05-9921-B8AF19EF09FF}"
EndProject
Project("{FAE04EC0-301F-11D3-BF4B-00C04F79EFBC}") = "PaymentSolution.Presentation", "PaymentSolution.Presentation\PaymentSolution.Presentation.csproj", "{63026A82-8C2D-439E-A45C-F4B274C42DAC}"
EndProject
Project("{FAE04EC0-301F-11D3-BF4B-00C04F79EFBC}") = "GrowthTracking.ShareLibrary", "..\GrowthTracking.ShareLibrarySolution\GrowthTracking.ShareLibrary\GrowthTracking.ShareLibrary.csproj", "{B54111D9-1832-D929-8A51-F60045D03898}"
EndProject
Global
	GlobalSection(SolutionConfigurationPlatforms) = preSolution
		Debug|Any CPU = Debug|Any CPU
		Release|Any CPU = Release|Any CPU
	EndGlobalSection
	GlobalSection(ProjectConfigurationPlatforms) = postSolution
		{F40214A4-7F3D-4CD0-B44E-5A09FD620DA8}.Debug|Any CPU.ActiveCfg = Debug|Any CPU
		{F40214A4-7F3D-4CD0-B44E-5A09FD620DA8}.Debug|Any CPU.Build.0 = Debug|Any CPU
		{F40214A4-7F3D-4CD0-B44E-5A09FD620DA8}.Release|Any CPU.ActiveCfg = Release|Any CPU
		{F40214A4-7F3D-4CD0-B44E-5A09FD620DA8}.Release|Any CPU.Build.0 = Release|Any CPU
		{B3E03B91-F390-4556-B896-0C8D304AA7EB}.Debug|Any CPU.ActiveCfg = Debug|Any CPU
		{B3E03B91-F390-4556-B896-0C8D304AA7EB}.Debug|Any CPU.Build.0 = Debug|Any CPU
		{B3E03B91-F390-4556-B896-0C8D304AA7EB}.Release|Any CPU.ActiveCfg = Release|Any CPU
		{B3E03B91-F390-4556-B896-0C8D304AA7EB}.Release|Any CPU.Build.0 = Release|Any CPU
		{99AC146C-C6CC-4E05-9921-B8AF19EF09FF}.Debug|Any CPU.ActiveCfg = Debug|Any CPU
		{99AC146C-C6CC-4E05-9921-B8AF19EF09FF}.Debug|Any CPU.Build.0 = Debug|Any CPU
		{99AC146C-C6CC-4E05-9921-B8AF19EF09FF}.Release|Any CPU.ActiveCfg = Release|Any CPU
		{99AC146C-C6CC-4E05-9921-B8AF19EF09FF}.Release|Any CPU.Build.0 = Release|Any CPU
		{63026A82-8C2D-439E-A45C-F4B274C42DAC}.Debug|Any CPU.ActiveCfg = Debug|Any CPU
		{63026A82-8C2D-439E-A45C-F4B274C42DAC}.Debug|Any CPU.Build.0 = Debug|Any CPU
		{63026A82-8C2D-439E-A45C-F4B274C42DAC}.Release|Any CPU.ActiveCfg = Release|Any CPU
		{63026A82-8C2D-439E-A45C-F4B274C42DAC}.Release|Any CPU.Build.0 = Release|Any CPU
		{B54111D9-1832-D929-8A51-F60045D03898}.Debug|Any CPU.ActiveCfg = Debug|Any CPU
		{B54111D9-1832-D929-8A51-F60045D03898}.Debug|Any CPU.Build.0 = Debug|Any CPU
		{B54111D9-1832-D929-8A51-F60045D03898}.Release|Any CPU.ActiveCfg = Release|Any CPU
		{B54111D9-1832-D929-8A51-F60045D03898}.Release|Any CPU.Build.0 = Release|Any CPU
	EndGlobalSection
	GlobalSection(SolutionProperties) = preSolution
		HideSolutionNode = FALSE
	EndGlobalSection
	GlobalSection(ExtensibilityGlobals) = postSolution
		SolutionGuid = {FBCA268E-B521-4AFD-8241-2394950199F4}
	EndGlobalSection
EndGlobal
