
Microsoft Visual Studio Solution File, Format Version 12.00
# Visual Studio Version 17
VisualStudioVersion = 17.12.35707.178 d17.12
MinimumVisualStudioVersion = 10.0.40219.1
Project("{FAE04EC0-301F-11D3-BF4B-00C04F79EFBC}") = "ParentManagementAPI.Application", "ParentManagementAPI.Application\ParentManagementAPI.Application.csproj", "{2CE47438-C0D1-4621-A3A4-DFA1247B17F0}"
EndProject
Project("{FAE04EC0-301F-11D3-BF4B-00C04F79EFBC}") = "ParentManagementAPI.Domain", "ParentManagementAPI.Domain\ParentManagementAPI.Domain.csproj", "{031C3145-82D2-40D0-AE4A-50E1AF102D3F}"
EndProject
Project("{FAE04EC0-301F-11D3-BF4B-00C04F79EFBC}") = "ParentManagementAPI.Infrastructure", "ParentManagementAPI.Infrastructure\ParentManagementAPI.Infrastructure.csproj", "{6DEFE583-D5B0-43C8-B315-4200AC4745A5}"
EndProject
Project("{FAE04EC0-301F-11D3-BF4B-00C04F79EFBC}") = "GrowthTracking.ShareLibrary", "..\GrowthTracking.ShareLibrarySolution\GrowthTracking.ShareLibrary\GrowthTracking.ShareLibrary.csproj", "{C5373D53-CE08-43D0-BF93-36C1EE5D5183}"
EndProject
Project("{FAE04EC0-301F-11D3-BF4B-00C04F79EFBC}") = "ParentManageAPI.Presentation", "ParentManageAPI.Presentation\ParentManageAPI.Presentation.csproj", "{EA1EC650-EF8C-455F-B097-85FB2394F3EA}"
EndProject
Global
	GlobalSection(SolutionConfigurationPlatforms) = preSolution
		Debug|Any CPU = Debug|Any CPU
		Release|Any CPU = Release|Any CPU
	EndGlobalSection
	GlobalSection(ProjectConfigurationPlatforms) = postSolution
		{2CE47438-C0D1-4621-A3A4-DFA1247B17F0}.Debug|Any CPU.ActiveCfg = Debug|Any CPU
		{2CE47438-C0D1-4621-A3A4-DFA1247B17F0}.Debug|Any CPU.Build.0 = Debug|Any CPU
		{2CE47438-C0D1-4621-A3A4-DFA1247B17F0}.Release|Any CPU.ActiveCfg = Release|Any CPU
		{2CE47438-C0D1-4621-A3A4-DFA1247B17F0}.Release|Any CPU.Build.0 = Release|Any CPU
		{031C3145-82D2-40D0-AE4A-50E1AF102D3F}.Debug|Any CPU.ActiveCfg = Debug|Any CPU
		{031C3145-82D2-40D0-AE4A-50E1AF102D3F}.Debug|Any CPU.Build.0 = Debug|Any CPU
		{031C3145-82D2-40D0-AE4A-50E1AF102D3F}.Release|Any CPU.ActiveCfg = Release|Any CPU
		{031C3145-82D2-40D0-AE4A-50E1AF102D3F}.Release|Any CPU.Build.0 = Release|Any CPU
		{6DEFE583-D5B0-43C8-B315-4200AC4745A5}.Debug|Any CPU.ActiveCfg = Debug|Any CPU
		{6DEFE583-D5B0-43C8-B315-4200AC4745A5}.Debug|Any CPU.Build.0 = Debug|Any CPU
		{6DEFE583-D5B0-43C8-B315-4200AC4745A5}.Release|Any CPU.ActiveCfg = Release|Any CPU
		{6DEFE583-D5B0-43C8-B315-4200AC4745A5}.Release|Any CPU.Build.0 = Release|Any CPU
		{C5373D53-CE08-43D0-BF93-36C1EE5D5183}.Debug|Any CPU.ActiveCfg = Debug|Any CPU
		{C5373D53-CE08-43D0-BF93-36C1EE5D5183}.Debug|Any CPU.Build.0 = Debug|Any CPU
		{C5373D53-CE08-43D0-BF93-36C1EE5D5183}.Release|Any CPU.ActiveCfg = Release|Any CPU
		{C5373D53-CE08-43D0-BF93-36C1EE5D5183}.Release|Any CPU.Build.0 = Release|Any CPU
		{EA1EC650-EF8C-455F-B097-85FB2394F3EA}.Debug|Any CPU.ActiveCfg = Debug|Any CPU
		{EA1EC650-EF8C-455F-B097-85FB2394F3EA}.Debug|Any CPU.Build.0 = Debug|Any CPU
		{EA1EC650-EF8C-455F-B097-85FB2394F3EA}.Release|Any CPU.ActiveCfg = Release|Any CPU
		{EA1EC650-EF8C-455F-B097-85FB2394F3EA}.Release|Any CPU.Build.0 = Release|Any CPU
	EndGlobalSection
	GlobalSection(SolutionProperties) = preSolution
		HideSolutionNode = FALSE
	EndGlobalSection
EndGlobal
