
Microsoft Visual Studio Solution File, Format Version 12.00
# Visual Studio Version 17
VisualStudioVersion = 17.11.35312.102
MinimumVisualStudioVersion = 10.0.40219.1
Project("{9A19103F-16F7-4668-BE54-9A1E7A4F7556}") = "AuthenticationApi.Domain", "AuthenticationAPI.Domain\AuthenticationApi.Domain.csproj", "{BB16DA7A-9A46-4E42-B469-A5834E412640}"
EndProject
Project("{9A19103F-16F7-4668-BE54-9A1E7A4F7556}") = "AuthenticationApi.Application", "AuthenticationAPI.Application\AuthenticationApi.Application.csproj", "{86477739-094B-40EE-BAEF-28B1EC6ABFF0}"
EndProject
Project("{9A19103F-16F7-4668-BE54-9A1E7A4F7556}") = "AuthenticationApi.Infrastructure", "AuthenticationAPI.Infrastructure\AuthenticationApi.Infrastructure.csproj", "{ED62435A-BD31-44B0-8239-58153E874135}"
EndProject
Project("{9A19103F-16F7-4668-BE54-9A1E7A4F7556}") = "AuthenticationApi.Presentation", "AuthenticationAPI.Presentation\AuthenticationApi.Presentation.csproj", "{8A2E3EE6-1BEB-4AD0-829C-4AE89656702B}"
EndProject
Project("{FAE04EC0-301F-11D3-BF4B-00C04F79EFBC}") = "GrowthTracking.ShareLibrary", "..\GrowthTracking.ShareLibrarySolution\GrowthTracking.ShareLibrary\GrowthTracking.ShareLibrary.csproj", "{D6125F7A-FB98-4847-885F-A34899957560}"
EndProject
Global
	GlobalSection(SolutionConfigurationPlatforms) = preSolution
		Debug|Any CPU = Debug|Any CPU
		Release|Any CPU = Release|Any CPU
	EndGlobalSection
	GlobalSection(ProjectConfigurationPlatforms) = postSolution
		{BB16DA7A-9A46-4E42-B469-A5834E412640}.Debug|Any CPU.ActiveCfg = Debug|Any CPU
		{BB16DA7A-9A46-4E42-B469-A5834E412640}.Debug|Any CPU.Build.0 = Debug|Any CPU
		{BB16DA7A-9A46-4E42-B469-A5834E412640}.Release|Any CPU.ActiveCfg = Release|Any CPU
		{BB16DA7A-9A46-4E42-B469-A5834E412640}.Release|Any CPU.Build.0 = Release|Any CPU
		{86477739-094B-40EE-BAEF-28B1EC6ABFF0}.Debug|Any CPU.ActiveCfg = Debug|Any CPU
		{86477739-094B-40EE-BAEF-28B1EC6ABFF0}.Debug|Any CPU.Build.0 = Debug|Any CPU
		{86477739-094B-40EE-BAEF-28B1EC6ABFF0}.Release|Any CPU.ActiveCfg = Release|Any CPU
		{86477739-094B-40EE-BAEF-28B1EC6ABFF0}.Release|Any CPU.Build.0 = Release|Any CPU
		{ED62435A-BD31-44B0-8239-58153E874135}.Debug|Any CPU.ActiveCfg = Debug|Any CPU
		{ED62435A-BD31-44B0-8239-58153E874135}.Debug|Any CPU.Build.0 = Debug|Any CPU
		{ED62435A-BD31-44B0-8239-58153E874135}.Release|Any CPU.ActiveCfg = Release|Any CPU
		{ED62435A-BD31-44B0-8239-58153E874135}.Release|Any CPU.Build.0 = Release|Any CPU
		{8A2E3EE6-1BEB-4AD0-829C-4AE89656702B}.Debug|Any CPU.ActiveCfg = Debug|Any CPU
		{8A2E3EE6-1BEB-4AD0-829C-4AE89656702B}.Debug|Any CPU.Build.0 = Debug|Any CPU
		{8A2E3EE6-1BEB-4AD0-829C-4AE89656702B}.Release|Any CPU.ActiveCfg = Release|Any CPU
		{8A2E3EE6-1BEB-4AD0-829C-4AE89656702B}.Release|Any CPU.Build.0 = Release|Any CPU
		{D6125F7A-FB98-4847-885F-A34899957560}.Debug|Any CPU.ActiveCfg = Debug|Any CPU
		{D6125F7A-FB98-4847-885F-A34899957560}.Debug|Any CPU.Build.0 = Debug|Any CPU
		{D6125F7A-FB98-4847-885F-A34899957560}.Release|Any CPU.ActiveCfg = Release|Any CPU
		{D6125F7A-FB98-4847-885F-A34899957560}.Release|Any CPU.Build.0 = Release|Any CPU
	EndGlobalSection
	GlobalSection(SolutionProperties) = preSolution
		HideSolutionNode = FALSE
	EndGlobalSection
	GlobalSection(ExtensibilityGlobals) = postSolution
		SolutionGuid = {F3914C75-3079-42E5-B594-4C5FBDF73493}
	EndGlobalSection
EndGlobal
